<?xml version="1.0" encoding="utf-8"?>
<Project ToolsVersion="4.0" xmlns="http://schemas.microsoft.com/developer/msbuild/2003">
  <ItemGroup>
    <Filter Include="Source Files">
      <UniqueIdentifier>{4FC737F1-C7A5-4376-A066-2A32D752A2FF}</UniqueIdentifier>
      <Extensions>cpp;c;cc;cxx;def;odl;idl;hpj;bat;asm;asmx</Extensions>
    </Filter>
    <Filter Include="Header Files">
      <UniqueIdentifier>{93995380-89BD-4b04-88EB-625FBE52EBFB}</UniqueIdentifier>
      <Extensions>h;hh;hpp;hxx;hm;inl;inc;xsd</Extensions>
    </Filter>
    <Filter Include="Resource Files">
      <UniqueIdentifier>{67DA6AB6-F800-4c08-8B7A-83BB121AAD01}</UniqueIdentifier>
      <Extensions>rc;ico;cur;bmp;dlg;rc2;rct;bin;rgs;gif;jpg;jpeg;jpe;resx;tiff;tif;png;wav;mfcribbon-ms</Extensions>
    </Filter>
  </ItemGroup>
  <ItemGroup>
    <ClCompile Include="buffer.c">
      <Filter>Source Files</Filter>
    </ClCompile>
    <ClCompile Include="carray.c">
      <Filter>Source Files</Filter>
    </ClCompile>
    <ClCompile Include="channels.c">
      <Filter>Source Files</Filter>
    </ClCompile>
    <ClCompile Include="clipbrd.c">
      <Filter>Source Files</Filter>
    </ClCompile>
    <ClCompile Include="dictionary.c">
      <Filter>Source Files</Filter>
    </ClCompile>
    <ClCompile Include="docwin.c">
      <Filter>Source Files</Filter>
    </ClCompile>
    <ClCompile Include="e93.c">
      <Filter>Source Files</Filter>
    </ClCompile>
    <ClCompile Include="edit.c">
      <Filter>Source Files</Filter>
    </ClCompile>
    <ClCompile Include="errors.c">
      <Filter>Source Files</Filter>
    </ClCompile>
    <ClCompile Include="globals.c">
      <Filter>Source Files</Filter>
    </ClCompile>
    <ClCompile Include="keybind.c">
      <Filter>Source Files</Filter>
    </ClCompile>
    <ClCompile Include="list.c">
      <Filter>Source Files</Filter>
    </ClCompile>
    <ClCompile Include="regex.c">
      <Filter>Source Files</Filter>
    </ClCompile>
    <ClCompile Include="search.c">
      <Filter>Source Files</Filter>
    </ClCompile>
    <ClCompile Include="select.c">
      <Filter>Source Files</Filter>
    </ClCompile>
    <ClCompile Include="shell.c">
      <Filter>Source Files</Filter>
    </ClCompile>
    <ClCompile Include="shellcmd.c">
      <Filter>Source Files</Filter>
    </ClCompile>
    <ClCompile Include="sparsearray.c">
      <Filter>Source Files</Filter>
    </ClCompile>
    <ClCompile Include="style.c">
      <Filter>Source Files</Filter>
    </ClCompile>
    <ClCompile Include="syntax.c">
      <Filter>Source Files</Filter>
    </ClCompile>
    <ClCompile Include="text.c">
      <Filter>Source Files</Filter>
    </ClCompile>
    <ClCompile Include="undo.c">
      <Filter>Source Files</Filter>
    </ClCompile>
    <ClCompile Include="varbind.c">
      <Filter>Source Files</Filter>
    </ClCompile>
  </ItemGroup>
  <ItemGroup>
    <ClInclude Include="buffer.h">
      <Filter>Source Files</Filter>
    </ClInclude>
    <ClInclude Include="carray.h">
      <Filter>Source Files</Filter>
    </ClInclude>
    <ClInclude Include="channels.h">
      <Filter>Source Files</Filter>
    </ClInclude>
    <ClInclude Include="clipbrd.h">
      <Filter>Source Files</Filter>
    </ClInclude>
    <ClInclude Include="defines.h">
      <Filter>Source Files</Filter>
    </ClInclude>
    <ClInclude Include="dictionary.h">
      <Filter>Source Files</Filter>
    </ClInclude>
    <ClInclude Include="docwin.h">
      <Filter>Source Files</Filter>
    </ClInclude>
    <ClInclude Include="edit.h">
      <Filter>Source Files</Filter>
    </ClInclude>
    <ClInclude Include="errors.h">
      <Filter>Source Files</Filter>
    </ClInclude>
    <ClInclude Include="globals.h">
      <Filter>Source Files</Filter>
    </ClInclude>
    <ClInclude Include="guidefs.h">
      <Filter>Source Files</Filter>
    </ClInclude>
    <ClInclude Include="includes.h">
      <Filter>Source Files</Filter>
    </ClInclude>
    <ClInclude Include="keybind.h">
      <Filter>Source Files</Filter>
    </ClInclude>
    <ClInclude Include="list.h">
      <Filter>Source Files</Filter>
    </ClInclude>
    <ClInclude Include="regex.h">
      <Filter>Source Files</Filter>
    </ClInclude>
    <ClInclude Include="search.h">
      <Filter>Source Files</Filter>
    </ClInclude>
    <ClInclude Include="select.h">
      <Filter>Source Files</Filter>
    </ClInclude>
    <ClInclude Include="shell.h">
      <Filter>Source Files</Filter>
    </ClInclude>
    <ClInclude Include="shellcmd.h">
      <Filter>Source Files</Filter>
    </ClInclude>
    <ClInclude Include="sparsearray.h">
      <Filter>Source Files</Filter>
    </ClInclude>
    <ClInclude Include="style.h">
      <Filter>Source Files</Filter>
    </ClInclude>
    <ClInclude Include="syntax.h">
      <Filter>Source Files</Filter>
    </ClInclude>
    <ClInclude Include="text.h">
      <Filter>Source Files</Filter>
    </ClInclude>
    <ClInclude Include="undo.h">
      <Filter>Source Files</Filter>
    </ClInclude>
    <ClInclude Include="varbind.h">
      <Filter>Source Files</Filter>
    </ClInclude>
  </ItemGroup>
  <ItemGroup>
    <ResourceCompile Include="wgui\e93.rc">
      <Filter>Resource Files</Filter>
    </ResourceCompile>
  </ItemGroup>
</Project>